<?xml version="1.0" encoding="UTF-8" standalone="yes" ?>
<CodeBlocks_project_file>
	<FileVersion major="1" minor="6" />
	<Project>
		<Option title="GcodeTransform" />
		<Option pch_mode="2" />
		<Option compiler="gcc" />
		<Build>
			<Target title="Release">
				<Option output="bin/Release/GcodeTransform" prefix_auto="1" extension_auto="1" />
				<Option object_output="obj/Release/" />
				<Option type="1" />
				<Option compiler="gcc" />
				<Compiler>
					<Add option="-O2" />
				</Compiler>
				<Linker>
					<Add option="-s" />
				</Linker>
			</Target>
		</Build>
		<Compiler>
			<Add option="-Wall" />
			<Add option="-std=c++11" />
		</Compiler>
		<Unit filename="Main.cpp" />
		<Unit filename="armadillo" />
		<Unit filename="armadillo_bits/BaseCube_bones.hpp" />
		<Unit filename="armadillo_bits/BaseCube_meat.hpp" />
		<Unit filename="armadillo_bits/Base_bones.hpp" />
		<Unit filename="armadillo_bits/Base_meat.hpp" />
		<Unit filename="armadillo_bits/Col_bones.hpp" />
		<Unit filename="armadillo_bits/Col_meat.hpp" />
		<Unit filename="armadillo_bits/Cube_bones.hpp" />
		<Unit filename="armadillo_bits/Cube_meat.hpp" />
		<Unit filename="armadillo_bits/GenCube_bones.hpp" />
		<Unit filename="armadillo_bits/GenCube_meat.hpp" />
		<Unit filename="armadillo_bits/Gen_bones.hpp" />
		<Unit filename="armadillo_bits/Gen_meat.hpp" />
		<Unit filename="armadillo_bits/GlueCube_bones.hpp" />
		<Unit filename="armadillo_bits/GlueCube_meat.hpp" />
		<Unit filename="armadillo_bits/Glue_bones.hpp" />
		<Unit filename="armadillo_bits/Glue_meat.hpp" />
		<Unit filename="armadillo_bits/Mat_bones.hpp" />
		<Unit filename="armadillo_bits/Mat_meat.hpp" />
		<Unit filename="armadillo_bits/OpCube_bones.hpp" />
		<Unit filename="armadillo_bits/OpCube_meat.hpp" />
		<Unit filename="armadillo_bits/Op_bones.hpp" />
		<Unit filename="armadillo_bits/Op_meat.hpp" />
		<Unit filename="armadillo_bits/Proxy.hpp" />
		<Unit filename="armadillo_bits/ProxyCube.hpp" />
		<Unit filename="armadillo_bits/Row_bones.hpp" />
		<Unit filename="armadillo_bits/Row_meat.hpp" />
		<Unit filename="armadillo_bits/SizeCube_bones.hpp" />
		<Unit filename="armadillo_bits/SizeCube_meat.hpp" />
		<Unit filename="armadillo_bits/SizeMat_bones.hpp" />
		<Unit filename="armadillo_bits/SizeMat_meat.hpp" />
		<Unit filename="armadillo_bits/SpBase_bones.hpp" />
		<Unit filename="armadillo_bits/SpBase_meat.hpp" />
		<Unit filename="armadillo_bits/SpCol_bones.hpp" />
		<Unit filename="armadillo_bits/SpCol_meat.hpp" />
		<Unit filename="armadillo_bits/SpGlue_bones.hpp" />
		<Unit filename="armadillo_bits/SpGlue_meat.hpp" />
		<Unit filename="armadillo_bits/SpMat_bones.hpp" />
		<Unit filename="armadillo_bits/SpMat_iterators_meat.hpp" />
		<Unit filename="armadillo_bits/SpMat_meat.hpp" />
		<Unit filename="armadillo_bits/SpOp_bones.hpp" />
		<Unit filename="armadillo_bits/SpOp_meat.hpp" />
		<Unit filename="armadillo_bits/SpProxy.hpp" />
		<Unit filename="armadillo_bits/SpRow_bones.hpp" />
		<Unit filename="armadillo_bits/SpRow_meat.hpp" />
		<Unit filename="armadillo_bits/SpSubview_bones.hpp" />
		<Unit filename="armadillo_bits/SpSubview_iterators_meat.hpp" />
		<Unit filename="armadillo_bits/SpSubview_meat.hpp" />
		<Unit filename="armadillo_bits/SpValProxy_bones.hpp" />
		<Unit filename="armadillo_bits/SpValProxy_meat.hpp" />
		<Unit filename="armadillo_bits/access.hpp" />
		<Unit filename="armadillo_bits/arma_cmath.hpp" />
		<Unit filename="armadillo_bits/arma_config.hpp" />
		<Unit filename="armadillo_bits/arma_forward.hpp" />
		<Unit filename="armadillo_bits/arma_ostream_bones.hpp" />
		<Unit filename="armadillo_bits/arma_ostream_meat.hpp" />
		<Unit filename="armadillo_bits/arma_rng.hpp" />
		<Unit filename="armadillo_bits/arma_rng_cxx11.hpp" />
		<Unit filename="armadillo_bits/arma_rng_cxx98.hpp" />
		<Unit filename="armadillo_bits/arma_static_check.hpp" />
		<Unit filename="armadillo_bits/arma_str.hpp" />
		<Unit filename="armadillo_bits/arma_version.hpp" />
		<Unit filename="armadillo_bits/arrayops_bones.hpp" />
		<Unit filename="armadillo_bits/arrayops_meat.hpp" />
		<Unit filename="armadillo_bits/auxlib_bones.hpp" />
		<Unit filename="armadillo_bits/auxlib_meat.hpp" />
		<Unit filename="armadillo_bits/compiler_setup.hpp" />
		<Unit filename="armadillo_bits/compiler_setup_post.hpp" />
		<Unit filename="armadillo_bits/cond_rel_bones.hpp" />
		<Unit filename="armadillo_bits/cond_rel_meat.hpp" />
		<Unit filename="armadillo_bits/config.hpp" />
		<Unit filename="armadillo_bits/constants.hpp" />
		<Unit filename="armadillo_bits/constants_old.hpp" />
		<Unit filename="armadillo_bits/debug.hpp" />
		<Unit filename="armadillo_bits/def_arpack.hpp" />
		<Unit filename="armadillo_bits/def_atlas.hpp" />
		<Unit filename="armadillo_bits/def_blas.hpp" />
		<Unit filename="armadillo_bits/def_hdf5.hpp" />
		<Unit filename="armadillo_bits/def_lapack.hpp" />
		<Unit filename="armadillo_bits/def_superlu.hpp" />
		<Unit filename="armadillo_bits/diagmat_proxy.hpp" />
		<Unit filename="armadillo_bits/diagview_bones.hpp" />
		<Unit filename="armadillo_bits/diagview_meat.hpp" />
		<Unit filename="armadillo_bits/diskio_bones.hpp" />
		<Unit filename="armadillo_bits/diskio_meat.hpp" />
		<Unit filename="armadillo_bits/distr_param.hpp" />
		<Unit filename="armadillo_bits/eGlueCube_bones.hpp" />
		<Unit filename="armadillo_bits/eGlueCube_meat.hpp" />
		<Unit filename="armadillo_bits/eGlue_bones.hpp" />
		<Unit filename="armadillo_bits/eGlue_meat.hpp" />
		<Unit filename="armadillo_bits/eOpCube_bones.hpp" />
		<Unit filename="armadillo_bits/eOpCube_meat.hpp" />
		<Unit filename="armadillo_bits/eOp_bones.hpp" />
		<Unit filename="armadillo_bits/eOp_meat.hpp" />
		<Unit filename="armadillo_bits/eglue_core_bones.hpp" />
		<Unit filename="armadillo_bits/eglue_core_meat.hpp" />
		<Unit filename="armadillo_bits/eop_aux.hpp" />
		<Unit filename="armadillo_bits/eop_core_bones.hpp" />
		<Unit filename="armadillo_bits/eop_core_meat.hpp" />
		<Unit filename="armadillo_bits/fft_engine.hpp" />
		<Unit filename="armadillo_bits/field_bones.hpp" />
		<Unit filename="armadillo_bits/field_meat.hpp" />
		<Unit filename="armadillo_bits/fn_accu.hpp" />
		<Unit filename="armadillo_bits/fn_all.hpp" />
		<Unit filename="armadillo_bits/fn_any.hpp" />
		<Unit filename="armadillo_bits/fn_as_scalar.hpp" />
		<Unit filename="armadillo_bits/fn_chol.hpp" />
		<Unit filename="armadillo_bits/fn_clamp.hpp" />
		<Unit filename="armadillo_bits/fn_cond.hpp" />
		<Unit filename="armadillo_bits/fn_conv.hpp" />
		<Unit filename="armadillo_bits/fn_conv_to.hpp" />
		<Unit filename="armadillo_bits/fn_cor.hpp" />
		<Unit filename="armadillo_bits/fn_cov.hpp" />
		<Unit filename="armadillo_bits/fn_cross.hpp" />
		<Unit filename="armadillo_bits/fn_cumprod.hpp" />
		<Unit filename="armadillo_bits/fn_cumsum.hpp" />
		<Unit filename="armadillo_bits/fn_det.hpp" />
		<Unit filename="armadillo_bits/fn_diagmat.hpp" />
		<Unit filename="armadillo_bits/fn_diagvec.hpp" />
		<Unit filename="armadillo_bits/fn_diff.hpp" />
		<Unit filename="armadillo_bits/fn_dot.hpp" />
		<Unit filename="armadillo_bits/fn_eig_gen.hpp" />
		<Unit filename="armadillo_bits/fn_eig_pair.hpp" />
		<Unit filename="armadillo_bits/fn_eig_sym.hpp" />
		<Unit filename="armadillo_bits/fn_eigs_gen.hpp" />
		<Unit filename="armadillo_bits/fn_eigs_sym.hpp" />
		<Unit filename="armadillo_bits/fn_elem.hpp" />
		<Unit filename="armadillo_bits/fn_eps.hpp" />
		<Unit filename="armadillo_bits/fn_expmat.hpp" />
		<Unit filename="armadillo_bits/fn_eye.hpp" />
		<Unit filename="armadillo_bits/fn_fft.hpp" />
		<Unit filename="armadillo_bits/fn_fft2.hpp" />
		<Unit filename="armadillo_bits/fn_find.hpp" />
		<Unit filename="armadillo_bits/fn_find_unique.hpp" />
		<Unit filename="armadillo_bits/fn_flip.hpp" />
		<Unit filename="armadillo_bits/fn_hist.hpp" />
		<Unit filename="armadillo_bits/fn_histc.hpp" />
		<Unit filename="armadillo_bits/fn_inplace_strans.hpp" />
		<Unit filename="armadillo_bits/fn_inplace_trans.hpp" />
		<Unit filename="armadillo_bits/fn_interp1.hpp" />
		<Unit filename="armadillo_bits/fn_inv.hpp" />
		<Unit filename="armadillo_bits/fn_join.hpp" />
		<Unit filename="armadillo_bits/fn_kmeans.hpp" />
		<Unit filename="armadillo_bits/fn_kron.hpp" />
		<Unit filename="armadillo_bits/fn_log_det.hpp" />
		<Unit filename="armadillo_bits/fn_lu.hpp" />
		<Unit filename="armadillo_bits/fn_max.hpp" />
		<Unit filename="armadillo_bits/fn_mean.hpp" />
		<Unit filename="armadillo_bits/fn_median.hpp" />
		<Unit filename="armadillo_bits/fn_min.hpp" />
		<Unit filename="armadillo_bits/fn_misc.hpp" />
		<Unit filename="armadillo_bits/fn_n_unique.hpp" />
		<Unit filename="armadillo_bits/fn_nonzeros.hpp" />
		<Unit filename="armadillo_bits/fn_norm.hpp" />
		<Unit filename="armadillo_bits/fn_normalise.hpp" />
		<Unit filename="armadillo_bits/fn_numel.hpp" />
		<Unit filename="armadillo_bits/fn_ones.hpp" />
		<Unit filename="armadillo_bits/fn_pinv.hpp" />
		<Unit filename="armadillo_bits/fn_princomp.hpp" />
		<Unit filename="armadillo_bits/fn_prod.hpp" />
		<Unit filename="armadillo_bits/fn_qr.hpp" />
		<Unit filename="armadillo_bits/fn_qz.hpp" />
		<Unit filename="armadillo_bits/fn_randg.hpp" />
		<Unit filename="armadillo_bits/fn_randi.hpp" />
		<Unit filename="armadillo_bits/fn_randn.hpp" />
		<Unit filename="armadillo_bits/fn_randu.hpp" />
		<Unit filename="armadillo_bits/fn_rank.hpp" />
		<Unit filename="armadillo_bits/fn_repmat.hpp" />
		<Unit filename="armadillo_bits/fn_reshape.hpp" />
		<Unit filename="armadillo_bits/fn_resize.hpp" />
		<Unit filename="armadillo_bits/fn_schur.hpp" />
		<Unit filename="armadillo_bits/fn_shift.hpp" />
		<Unit filename="armadillo_bits/fn_shuffle.hpp" />
		<Unit filename="armadillo_bits/fn_size.hpp" />
		<Unit filename="armadillo_bits/fn_solve.hpp" />
		<Unit filename="armadillo_bits/fn_sort.hpp" />
		<Unit filename="armadillo_bits/fn_sort_index.hpp" />
		<Unit filename="armadillo_bits/fn_speye.hpp" />
		<Unit filename="armadillo_bits/fn_spones.hpp" />
		<Unit filename="armadillo_bits/fn_sprandn.hpp" />
		<Unit filename="armadillo_bits/fn_sprandu.hpp" />
		<Unit filename="armadillo_bits/fn_spsolve.hpp" />
		<Unit filename="armadillo_bits/fn_sqrtmat.hpp" />
		<Unit filename="armadillo_bits/fn_stddev.hpp" />
		<Unit filename="armadillo_bits/fn_strans.hpp" />
		<Unit filename="armadillo_bits/fn_sum.hpp" />
		<Unit filename="armadillo_bits/fn_svd.hpp" />
		<Unit filename="armadillo_bits/fn_svds.hpp" />
		<Unit filename="armadillo_bits/fn_syl_lyap.hpp" />
		<Unit filename="armadillo_bits/fn_symmat.hpp" />
		<Unit filename="armadillo_bits/fn_toeplitz.hpp" />
		<Unit filename="armadillo_bits/fn_trace.hpp" />
		<Unit filename="armadillo_bits/fn_trans.hpp" />
		<Unit filename="armadillo_bits/fn_trig.hpp" />
		<Unit filename="armadillo_bits/fn_trimat.hpp" />
		<Unit filename="armadillo_bits/fn_trunc_exp.hpp" />
		<Unit filename="armadillo_bits/fn_trunc_log.hpp" />
		<Unit filename="armadillo_bits/fn_unique.hpp" />
		<Unit filename="armadillo_bits/fn_var.hpp" />
		<Unit filename="armadillo_bits/fn_vectorise.hpp" />
		<Unit filename="armadillo_bits/fn_zeros.hpp" />
		<Unit filename="armadillo_bits/glue_conv_bones.hpp" />
		<Unit filename="armadillo_bits/glue_conv_meat.hpp" />
		<Unit filename="armadillo_bits/glue_cor_bones.hpp" />
		<Unit filename="armadillo_bits/glue_cor_meat.hpp" />
		<Unit filename="armadillo_bits/glue_cov_bones.hpp" />
		<Unit filename="armadillo_bits/glue_cov_meat.hpp" />
		<Unit filename="armadillo_bits/glue_cross_bones.hpp" />
		<Unit filename="armadillo_bits/glue_cross_meat.hpp" />
		<Unit filename="armadillo_bits/glue_hist_bones.hpp" />
		<Unit filename="armadillo_bits/glue_hist_meat.hpp" />
		<Unit filename="armadillo_bits/glue_histc_bones.hpp" />
		<Unit filename="armadillo_bits/glue_histc_meat.hpp" />
		<Unit filename="armadillo_bits/glue_join_bones.hpp" />
		<Unit filename="armadillo_bits/glue_join_meat.hpp" />
		<Unit filename="armadillo_bits/glue_kron_bones.hpp" />
		<Unit filename="armadillo_bits/glue_kron_meat.hpp" />
		<Unit filename="armadillo_bits/glue_max_bones.hpp" />
		<Unit filename="armadillo_bits/glue_max_meat.hpp" />
		<Unit filename="armadillo_bits/glue_min_bones.hpp" />
		<Unit filename="armadillo_bits/glue_min_meat.hpp" />
		<Unit filename="armadillo_bits/glue_mixed_bones.hpp" />
		<Unit filename="armadillo_bits/glue_mixed_meat.hpp" />
		<Unit filename="armadillo_bits/glue_relational_bones.hpp" />
		<Unit filename="armadillo_bits/glue_relational_meat.hpp" />
		<Unit filename="armadillo_bits/glue_solve_bones.hpp" />
		<Unit filename="armadillo_bits/glue_solve_meat.hpp" />
		<Unit filename="armadillo_bits/glue_times_bones.hpp" />
		<Unit filename="armadillo_bits/glue_times_meat.hpp" />
		<Unit filename="armadillo_bits/glue_toeplitz_bones.hpp" />
		<Unit filename="armadillo_bits/glue_toeplitz_meat.hpp" />
		<Unit filename="armadillo_bits/gmm_diag_bones.hpp" />
		<Unit filename="armadillo_bits/gmm_diag_meat.hpp" />
		<Unit filename="armadillo_bits/gmm_misc_bones.hpp" />
		<Unit filename="armadillo_bits/gmm_misc_meat.hpp" />
		<Unit filename="armadillo_bits/hdf5_misc.hpp" />
		<Unit filename="armadillo_bits/include_atlas.hpp" />
		<Unit filename="armadillo_bits/include_hdf5.hpp" />
		<Unit filename="armadillo_bits/include_superlu.hpp" />
		<Unit filename="armadillo_bits/injector_bones.hpp" />
		<Unit filename="armadillo_bits/injector_meat.hpp" />
		<Unit filename="armadillo_bits/memory.hpp" />
		<Unit filename="armadillo_bits/mtGlueCube_bones.hpp" />
		<Unit filename="armadillo_bits/mtGlueCube_meat.hpp" />
		<Unit filename="armadillo_bits/mtGlue_bones.hpp" />
		<Unit filename="armadillo_bits/mtGlue_meat.hpp" />
		<Unit filename="armadillo_bits/mtOpCube_bones.hpp" />
		<Unit filename="armadillo_bits/mtOpCube_meat.hpp" />
		<Unit filename="armadillo_bits/mtOp_bones.hpp" />
		<Unit filename="armadillo_bits/mtOp_meat.hpp" />
		<Unit filename="armadillo_bits/mtSpOp_bones.hpp" />
		<Unit filename="armadillo_bits/mtSpOp_meat.hpp" />
		<Unit filename="armadillo_bits/mul_gemm.hpp" />
		<Unit filename="armadillo_bits/mul_gemm_mixed.hpp" />
		<Unit filename="armadillo_bits/mul_gemv.hpp" />
		<Unit filename="armadillo_bits/mul_herk.hpp" />
		<Unit filename="armadillo_bits/mul_syrk.hpp" />
		<Unit filename="armadillo_bits/op_all_bones.hpp" />
		<Unit filename="armadillo_bits/op_all_meat.hpp" />
		<Unit filename="armadillo_bits/op_any_bones.hpp" />
		<Unit filename="armadillo_bits/op_any_meat.hpp" />
		<Unit filename="armadillo_bits/op_chol_bones.hpp" />
		<Unit filename="armadillo_bits/op_chol_meat.hpp" />
		<Unit filename="armadillo_bits/op_clamp_bones.hpp" />
		<Unit filename="armadillo_bits/op_clamp_meat.hpp" />
		<Unit filename="armadillo_bits/op_cor_bones.hpp" />
		<Unit filename="armadillo_bits/op_cor_meat.hpp" />
		<Unit filename="armadillo_bits/op_cov_bones.hpp" />
		<Unit filename="armadillo_bits/op_cov_meat.hpp" />
		<Unit filename="armadillo_bits/op_cumprod_bones.hpp" />
		<Unit filename="armadillo_bits/op_cumprod_meat.hpp" />
		<Unit filename="armadillo_bits/op_cumsum_bones.hpp" />
		<Unit filename="armadillo_bits/op_cumsum_meat.hpp" />
		<Unit filename="armadillo_bits/op_cx_scalar_bones.hpp" />
		<Unit filename="armadillo_bits/op_cx_scalar_meat.hpp" />
		<Unit filename="armadillo_bits/op_diagmat_bones.hpp" />
		<Unit filename="armadillo_bits/op_diagmat_meat.hpp" />
		<Unit filename="armadillo_bits/op_diagvec_bones.hpp" />
		<Unit filename="armadillo_bits/op_diagvec_meat.hpp" />
		<Unit filename="armadillo_bits/op_diff_bones.hpp" />
		<Unit filename="armadillo_bits/op_diff_meat.hpp" />
		<Unit filename="armadillo_bits/op_dot_bones.hpp" />
		<Unit filename="armadillo_bits/op_dot_meat.hpp" />
		<Unit filename="armadillo_bits/op_dotext_bones.hpp" />
		<Unit filename="armadillo_bits/op_dotext_meat.hpp" />
		<Unit filename="armadillo_bits/op_expmat_bones.hpp" />
		<Unit filename="armadillo_bits/op_expmat_meat.hpp" />
		<Unit filename="armadillo_bits/op_fft_bones.hpp" />
		<Unit filename="armadillo_bits/op_fft_meat.hpp" />
		<Unit filename="armadillo_bits/op_find_bones.hpp" />
		<Unit filename="armadillo_bits/op_find_meat.hpp" />
		<Unit filename="armadillo_bits/op_find_unique_bones.hpp" />
		<Unit filename="armadillo_bits/op_find_unique_meat.hpp" />
		<Unit filename="armadillo_bits/op_flip_bones.hpp" />
		<Unit filename="armadillo_bits/op_flip_meat.hpp" />
		<Unit filename="armadillo_bits/op_hist_bones.hpp" />
		<Unit filename="armadillo_bits/op_hist_meat.hpp" />
		<Unit filename="armadillo_bits/op_htrans_bones.hpp" />
		<Unit filename="armadillo_bits/op_htrans_meat.hpp" />
		<Unit filename="armadillo_bits/op_inv_bones.hpp" />
		<Unit filename="armadillo_bits/op_inv_meat.hpp" />
		<Unit filename="armadillo_bits/op_max_bones.hpp" />
		<Unit filename="armadillo_bits/op_max_meat.hpp" />
		<Unit filename="armadillo_bits/op_mean_bones.hpp" />
		<Unit filename="armadillo_bits/op_mean_meat.hpp" />
		<Unit filename="armadillo_bits/op_median_bones.hpp" />
		<Unit filename="armadillo_bits/op_median_meat.hpp" />
		<Unit filename="armadillo_bits/op_min_bones.hpp" />
		<Unit filename="armadillo_bits/op_min_meat.hpp" />
		<Unit filename="armadillo_bits/op_misc_bones.hpp" />
		<Unit filename="armadillo_bits/op_misc_meat.hpp" />
		<Unit filename="armadillo_bits/op_nonzeros_bones.hpp" />
		<Unit filename="armadillo_bits/op_nonzeros_meat.hpp" />
		<Unit filename="armadillo_bits/op_norm_bones.hpp" />
		<Unit filename="armadillo_bits/op_norm_meat.hpp" />
		<Unit filename="armadillo_bits/op_normalise_bones.hpp" />
		<Unit filename="armadillo_bits/op_normalise_meat.hpp" />
		<Unit filename="armadillo_bits/op_pinv_bones.hpp" />
		<Unit filename="armadillo_bits/op_pinv_meat.hpp" />
		<Unit filename="armadillo_bits/op_princomp_bones.hpp" />
		<Unit filename="armadillo_bits/op_princomp_meat.hpp" />
		<Unit filename="armadillo_bits/op_prod_bones.hpp" />
		<Unit filename="armadillo_bits/op_prod_meat.hpp" />
		<Unit filename="armadillo_bits/op_relational_bones.hpp" />
		<Unit filename="armadillo_bits/op_relational_meat.hpp" />
		<Unit filename="armadillo_bits/op_repmat_bones.hpp" />
		<Unit filename="armadillo_bits/op_repmat_meat.hpp" />
		<Unit filename="armadillo_bits/op_reshape_bones.hpp" />
		<Unit filename="armadillo_bits/op_reshape_meat.hpp" />
		<Unit filename="armadillo_bits/op_resize_bones.hpp" />
		<Unit filename="armadillo_bits/op_resize_meat.hpp" />
		<Unit filename="armadillo_bits/op_shift_bones.hpp" />
		<Unit filename="armadillo_bits/op_shift_meat.hpp" />
		<Unit filename="armadillo_bits/op_shuffle_bones.hpp" />
		<Unit filename="armadillo_bits/op_shuffle_meat.hpp" />
		<Unit filename="armadillo_bits/op_sort_bones.hpp" />
		<Unit filename="armadillo_bits/op_sort_index_bones.hpp" />
		<Unit filename="armadillo_bits/op_sort_index_meat.hpp" />
		<Unit filename="armadillo_bits/op_sort_meat.hpp" />
		<Unit filename="armadillo_bits/op_sqrtmat_bones.hpp" />
		<Unit filename="armadillo_bits/op_sqrtmat_meat.hpp" />
		<Unit filename="armadillo_bits/op_stddev_bones.hpp" />
		<Unit filename="armadillo_bits/op_stddev_meat.hpp" />
		<Unit filename="armadillo_bits/op_strans_bones.hpp" />
		<Unit filename="armadillo_bits/op_strans_meat.hpp" />
		<Unit filename="armadillo_bits/op_sum_bones.hpp" />
		<Unit filename="armadillo_bits/op_sum_meat.hpp" />
		<Unit filename="armadillo_bits/op_symmat_bones.hpp" />
		<Unit filename="armadillo_bits/op_symmat_meat.hpp" />
		<Unit filename="armadillo_bits/op_toeplitz_bones.hpp" />
		<Unit filename="armadillo_bits/op_toeplitz_meat.hpp" />
		<Unit filename="armadillo_bits/op_trimat_bones.hpp" />
		<Unit filename="armadillo_bits/op_trimat_meat.hpp" />
		<Unit filename="armadillo_bits/op_unique_bones.hpp" />
		<Unit filename="armadillo_bits/op_unique_meat.hpp" />
		<Unit filename="armadillo_bits/op_var_bones.hpp" />
		<Unit filename="armadillo_bits/op_var_meat.hpp" />
		<Unit filename="armadillo_bits/op_vectorise_bones.hpp" />
		<Unit filename="armadillo_bits/op_vectorise_meat.hpp" />
		<Unit filename="armadillo_bits/operator_cube_div.hpp" />
		<Unit filename="armadillo_bits/operator_cube_minus.hpp" />
		<Unit filename="armadillo_bits/operator_cube_plus.hpp" />
		<Unit filename="armadillo_bits/operator_cube_relational.hpp" />
		<Unit filename="armadillo_bits/operator_cube_schur.hpp" />
		<Unit filename="armadillo_bits/operator_cube_times.hpp" />
		<Unit filename="armadillo_bits/operator_div.hpp" />
		<Unit filename="armadillo_bits/operator_minus.hpp" />
		<Unit filename="armadillo_bits/operator_ostream.hpp" />
		<Unit filename="armadillo_bits/operator_plus.hpp" />
		<Unit filename="armadillo_bits/operator_relational.hpp" />
		<Unit filename="armadillo_bits/operator_schur.hpp" />
		<Unit filename="armadillo_bits/operator_times.hpp" />
		<Unit filename="armadillo_bits/podarray_bones.hpp" />
		<Unit filename="armadillo_bits/podarray_meat.hpp" />
		<Unit filename="armadillo_bits/promote_type.hpp" />
		<Unit filename="armadillo_bits/restrictors.hpp" />
		<Unit filename="armadillo_bits/running_stat_bones.hpp" />
		<Unit filename="armadillo_bits/running_stat_meat.hpp" />
		<Unit filename="armadillo_bits/running_stat_vec_bones.hpp" />
		<Unit filename="armadillo_bits/running_stat_vec_meat.hpp" />
		<Unit filename="armadillo_bits/sp_auxlib_bones.hpp" />
		<Unit filename="armadillo_bits/sp_auxlib_meat.hpp" />
		<Unit filename="armadillo_bits/span.hpp" />
		<Unit filename="armadillo_bits/spdiagview_bones.hpp" />
		<Unit filename="armadillo_bits/spdiagview_meat.hpp" />
		<Unit filename="armadillo_bits/spglue_join_bones.hpp" />
		<Unit filename="armadillo_bits/spglue_join_meat.hpp" />
		<Unit filename="armadillo_bits/spglue_minus_bones.hpp" />
		<Unit filename="armadillo_bits/spglue_minus_meat.hpp" />
		<Unit filename="armadillo_bits/spglue_plus_bones.hpp" />
		<Unit filename="armadillo_bits/spglue_plus_meat.hpp" />
		<Unit filename="armadillo_bits/spglue_times_bones.hpp" />
		<Unit filename="armadillo_bits/spglue_times_meat.hpp" />
		<Unit filename="armadillo_bits/spop_diagmat_bones.hpp" />
		<Unit filename="armadillo_bits/spop_diagmat_meat.hpp" />
		<Unit filename="armadillo_bits/spop_htrans_bones.hpp" />
		<Unit filename="armadillo_bits/spop_htrans_meat.hpp" />
		<Unit filename="armadillo_bits/spop_max_bones.hpp" />
		<Unit filename="armadillo_bits/spop_max_meat.hpp" />
		<Unit filename="armadillo_bits/spop_mean_bones.hpp" />
		<Unit filename="armadillo_bits/spop_mean_meat.hpp" />
		<Unit filename="armadillo_bits/spop_min_bones.hpp" />
		<Unit filename="armadillo_bits/spop_min_meat.hpp" />
		<Unit filename="armadillo_bits/spop_misc_bones.hpp" />
		<Unit filename="armadillo_bits/spop_misc_meat.hpp" />
		<Unit filename="armadillo_bits/spop_strans_bones.hpp" />
		<Unit filename="armadillo_bits/spop_strans_meat.hpp" />
		<Unit filename="armadillo_bits/spop_sum_bones.hpp" />
		<Unit filename="armadillo_bits/spop_sum_meat.hpp" />
		<Unit filename="armadillo_bits/spop_var_bones.hpp" />
		<Unit filename="armadillo_bits/spop_var_meat.hpp" />
		<Unit filename="armadillo_bits/strip.hpp" />
		<Unit filename="armadillo_bits/subview_bones.hpp" />
		<Unit filename="armadillo_bits/subview_cube_bones.hpp" />
		<Unit filename="armadillo_bits/subview_cube_each_bones.hpp" />
		<Unit filename="armadillo_bits/subview_cube_each_meat.hpp" />
		<Unit filename="armadillo_bits/subview_cube_meat.hpp" />
		<Unit filename="armadillo_bits/subview_each_bones.hpp" />
		<Unit filename="armadillo_bits/subview_each_meat.hpp" />
		<Unit filename="armadillo_bits/subview_elem1_bones.hpp" />
		<Unit filename="armadillo_bits/subview_elem1_meat.hpp" />
		<Unit filename="armadillo_bits/subview_elem2_bones.hpp" />
		<Unit filename="armadillo_bits/subview_elem2_meat.hpp" />
		<Unit filename="armadillo_bits/subview_field_bones.hpp" />
		<Unit filename="armadillo_bits/subview_field_meat.hpp" />
		<Unit filename="armadillo_bits/subview_meat.hpp" />
		<Unit filename="armadillo_bits/traits.hpp" />
		<Unit filename="armadillo_bits/typedef_elem.hpp" />
		<Unit filename="armadillo_bits/typedef_elem_check.hpp" />
		<Unit filename="armadillo_bits/typedef_mat.hpp" />
		<Unit filename="armadillo_bits/typedef_mat_fixed.hpp" />
		<Unit filename="armadillo_bits/unwrap.hpp" />
		<Unit filename="armadillo_bits/unwrap_cube.hpp" />
		<Unit filename="armadillo_bits/unwrap_spmat.hpp" />
		<Unit filename="armadillo_bits/upgrade_val.hpp" />
		<Unit filename="armadillo_bits/wall_clock_bones.hpp" />
		<Unit filename="armadillo_bits/wall_clock_meat.hpp" />
		<Unit filename="armadillo_bits/wrapper_arpack.hpp" />
		<Unit filename="armadillo_bits/wrapper_atlas.hpp" />
		<Unit filename="armadillo_bits/wrapper_blas.hpp" />
		<Unit filename="armadillo_bits/wrapper_lapack.hpp" />
		<Unit filename="armadillo_bits/wrapper_superlu.hpp" />
		<Unit filename="armadillo_bits/xtrans_mat_bones.hpp" />
		<Unit filename="armadillo_bits/xtrans_mat_meat.hpp" />
		<Unit filename="armadillo_bits/xvec_htrans_bones.hpp" />
		<Unit filename="armadillo_bits/xvec_htrans_meat.hpp" />
		<Extensions>
			<code_completion />
			<envvars />
			<debugger />
			<lib_finder disable_auto="1" />
		</Extensions>
	</Project>
</CodeBlocks_project_file>
