<?xml version="1.0" encoding="UTF-8" standalone="yes" ?>
<CodeBlocks_project_file>
	<FileVersion major="1" minor="6" />
	<Project>
		<Option title="GcodeTransform" />
		<Option pch_mode="2" />
		<Option compiler="gcc" />
		<Build>
			<Target title="Release">
				<Option output="bin/Release/GcodeTransform" prefix_auto="1" extension_auto="1" />
				<Option object_output="obj/Release/" />
				<Option type="1" />
				<Option compiler="gcc" />
				<Compiler>
					<Add option="-O2" />
				</Compiler>
				<Linker>
					<Add option="-s" />
				</Linker>
			</Target>
		</Build>
		<Compiler>
			<Add option="-Wall" />
			<Add option="-std=c++11" />
		</Compiler>
		<Unit filename="Eigen/Array" />
		<Unit filename="Eigen/CMakeLists.txt" />
		<Unit filename="Eigen/Cholesky" />
		<Unit filename="Eigen/CholmodSupport" />
		<Unit filename="Eigen/Core" />
		<Unit filename="Eigen/Dense" />
		<Unit filename="Eigen/Eigen" />
		<Unit filename="Eigen/Eigen2Support" />
		<Unit filename="Eigen/Eigenvalues" />
		<Unit filename="Eigen/Geometry" />
		<Unit filename="Eigen/Householder" />
		<Unit filename="Eigen/IterativeLinearSolvers" />
		<Unit filename="Eigen/Jacobi" />
		<Unit filename="Eigen/LU" />
		<Unit filename="Eigen/LeastSquares" />
		<Unit filename="Eigen/MetisSupport" />
		<Unit filename="Eigen/OrderingMethods" />
		<Unit filename="Eigen/PaStiXSupport" />
		<Unit filename="Eigen/PardisoSupport" />
		<Unit filename="Eigen/QR" />
		<Unit filename="Eigen/QtAlignedMalloc" />
		<Unit filename="Eigen/SPQRSupport" />
		<Unit filename="Eigen/SVD" />
		<Unit filename="Eigen/Sparse" />
		<Unit filename="Eigen/SparseCholesky" />
		<Unit filename="Eigen/SparseCore" />
		<Unit filename="Eigen/SparseLU" />
		<Unit filename="Eigen/SparseQR" />
		<Unit filename="Eigen/StdDeque" />
		<Unit filename="Eigen/StdList" />
		<Unit filename="Eigen/StdVector" />
		<Unit filename="Eigen/SuperLUSupport" />
		<Unit filename="Eigen/UmfPackSupport" />
		<Unit filename="Main.cpp" />
		<Extensions>
			<code_completion />
			<envvars />
			<debugger />
			<lib_finder disable_auto="1" />
		</Extensions>
	</Project>
</CodeBlocks_project_file>
